
Microsoft Visual Studio Solution File, Format Version 12.00
# Visual Studio 2013
VisualStudioVersion = 12.0.31101.0
MinimumVisualStudioVersion = 10.0.40219.1
Project("{FAE04EC0-301F-11D3-BF4B-00C04F79EFBC}") = "Chain of Responsibility", "Chain of Responsibility\Chain of Responsibility.csproj", "{B456948D-29E7-423C-BDB7-02575BBDFCB8}"
EndProject
Project("{FAE04EC0-301F-11D3-BF4B-00C04F79EFBC}") = "Chain of Responsibility Tests", "Chain of Responsibility Tests\Chain of Responsibility Tests.csproj", "{35A2C108-BE9B-445B-9094-CD0FF8A3EAB6}"
EndProject
Project("{FAE04EC0-301F-11D3-BF4B-00C04F79EFBC}") = "HomeworkHelpers", "Helpers\HomeworkHelpers.csproj", "{95A6DBBC-47D3-4856-ACEF-BEF247DB8893}"
EndProject
Global
	GlobalSection(SolutionConfigurationPlatforms) = preSolution
		Debug|Any CPU = Debug|Any CPU
		Release|Any CPU = Release|Any CPU
	EndGlobalSection
	GlobalSection(ProjectConfigurationPlatforms) = postSolution
		{B456948D-29E7-423C-BDB7-02575BBDFCB8}.Debug|Any CPU.ActiveCfg = Debug|Any CPU
		{B456948D-29E7-423C-BDB7-02575BBDFCB8}.Debug|Any CPU.Build.0 = Debug|Any CPU
		{B456948D-29E7-423C-BDB7-02575BBDFCB8}.Release|Any CPU.ActiveCfg = Release|Any CPU
		{B456948D-29E7-423C-BDB7-02575BBDFCB8}.Release|Any CPU.Build.0 = Release|Any CPU
		{35A2C108-BE9B-445B-9094-CD0FF8A3EAB6}.Debug|Any CPU.ActiveCfg = Debug|Any CPU
		{35A2C108-BE9B-445B-9094-CD0FF8A3EAB6}.Debug|Any CPU.Build.0 = Debug|Any CPU
		{35A2C108-BE9B-445B-9094-CD0FF8A3EAB6}.Release|Any CPU.ActiveCfg = Release|Any CPU
		{35A2C108-BE9B-445B-9094-CD0FF8A3EAB6}.Release|Any CPU.Build.0 = Release|Any CPU
		{95A6DBBC-47D3-4856-ACEF-BEF247DB8893}.Debug|Any CPU.ActiveCfg = Debug|Any CPU
		{95A6DBBC-47D3-4856-ACEF-BEF247DB8893}.Debug|Any CPU.Build.0 = Debug|Any CPU
		{95A6DBBC-47D3-4856-ACEF-BEF247DB8893}.Release|Any CPU.ActiveCfg = Release|Any CPU
		{95A6DBBC-47D3-4856-ACEF-BEF247DB8893}.Release|Any CPU.Build.0 = Release|Any CPU
	EndGlobalSection
	GlobalSection(SolutionProperties) = preSolution
		HideSolutionNode = FALSE
	EndGlobalSection
EndGlobal
