
Microsoft Visual Studio Solution File, Format Version 12.00
# Visual Studio 2013
VisualStudioVersion = 12.0.31101.0
MinimumVisualStudioVersion = 10.0.40219.1
Project("{FAE04EC0-301F-11D3-BF4B-00C04F79EFBC}") = "ProxyPatternExample", "ProxyPatternExample.csproj", "{A9D5ACBD-2C13-47C7-912F-DC82442D2440}"
EndProject
Global
	GlobalSection(SolutionConfigurationPlatforms) = preSolution
		Debug|Any CPU = Debug|Any CPU
		Release|Any CPU = Release|Any CPU
	EndGlobalSection
	GlobalSection(ProjectConfigurationPlatforms) = postSolution
		{A9D5ACBD-2C13-47C7-912F-DC82442D2440}.Debug|Any CPU.ActiveCfg = Debug|Any CPU
		{A9D5ACBD-2C13-47C7-912F-DC82442D2440}.Debug|Any CPU.Build.0 = Debug|Any CPU
		{A9D5ACBD-2C13-47C7-912F-DC82442D2440}.Release|Any CPU.ActiveCfg = Release|Any CPU
		{A9D5ACBD-2C13-47C7-912F-DC82442D2440}.Release|Any CPU.Build.0 = Release|Any CPU
	EndGlobalSection
	GlobalSection(SolutionProperties) = preSolution
		HideSolutionNode = FALSE
	EndGlobalSection
EndGlobal
